// !$*UTF8*$!
{
	archiveVersion = 1;
	classes = {
	};
	objectVersion = 56;
	objects = {

/* Begin PBXBuildFile section */
		99FCA9FB2BA02E7F007EABC0 /* AppDelegate.swift in Sources */ = {isa = PBXBuildFile; fileRef = 99FCA9FA2BA02E7F007EABC0 /* AppDelegate.swift */; };
		99FCA9FD2BA02E7F007EABC0 /* SceneDelegate.swift in Sources */ = {isa = PBXBuildFile; fileRef = 99FCA9FC2BA02E7F007EABC0 /* SceneDelegate.swift */; };
		99FCA9FF2BA02E7F007EABC0 /* ViewController.swift in Sources */ = {isa = PBXBuildFile; fileRef = 99FCA9FE2BA02E7F007EABC0 /* ViewController.swift */; };
		99FCAA042BA02E80007EABC0 /* Assets.xcassets in Resources */ = {isa = PBXBuildFile; fileRef = 99FCAA032BA02E80007EABC0 /* Assets.xcassets */; };
		99FCAA072BA02E80007EABC0 /* LaunchScreen.storyboard in Resources */ = {isa = PBXBuildFile; fileRef = 99FCAA052BA02E80007EABC0 /* LaunchScreen.storyboard */; };
		99FCAA122BA02E81007EABC0 /* MoovupTests.swift in Sources */ = {isa = PBXBuildFile; fileRef = 99FCAA112BA02E81007EABC0 /* MoovupTests.swift */; };
		99FCAA1C2BA02E81007EABC0 /* MoovupUITests.swift in Sources */ = {isa = PBXBuildFile; fileRef = 99FCAA1B2BA02E81007EABC0 /* MoovupUITests.swift */; };
		99FCAA1E2BA02E81007EABC0 /* MoovupUITestsLaunchTests.swift in Sources */ = {isa = PBXBuildFile; fileRef = 99FCAA1D2BA02E81007EABC0 /* MoovupUITestsLaunchTests.swift */; };
		99FCAA2B2BA03020007EABC0 /* Graph.swift in Sources */ = {isa = PBXBuildFile; fileRef = 99FCAA2A2BA03020007EABC0 /* Graph.swift */; };
		99FCAA2F2BA03291007EABC0 /* GraphTests.swift in Sources */ = {isa = PBXBuildFile; fileRef = 99FCAA2D2BA03291007EABC0 /* GraphTests.swift */; };
		99FCAA332BA185AB007EABC0 /* NetworkConfig.swift in Sources */ = {isa = PBXBuildFile; fileRef = 99FCAA322BA185AB007EABC0 /* NetworkConfig.swift */; };
		99FCAA342BA185AB007EABC0 /* NetworkConfig.swift in Sources */ = {isa = PBXBuildFile; fileRef = 99FCAA322BA185AB007EABC0 /* NetworkConfig.swift */; };
		99FCAA382BA18896007EABC0 /* HomeViewController.swift in Sources */ = {isa = PBXBuildFile; fileRef = 99FCAA372BA18896007EABC0 /* HomeViewController.swift */; };
		99FCAA392BA18896007EABC0 /* HomeViewController.swift in Sources */ = {isa = PBXBuildFile; fileRef = 99FCAA372BA18896007EABC0 /* HomeViewController.swift */; };
		99FCAA3B2BA188A4007EABC0 /* MapViewController.swift in Sources */ = {isa = PBXBuildFile; fileRef = 99FCAA3A2BA188A4007EABC0 /* MapViewController.swift */; };
		99FCAA3C2BA188A4007EABC0 /* MapViewController.swift in Sources */ = {isa = PBXBuildFile; fileRef = 99FCAA3A2BA188A4007EABC0 /* MapViewController.swift */; };
		99FCAA3F2BA188D3007EABC0 /* TabBarController.swift in Sources */ = {isa = PBXBuildFile; fileRef = 99FCAA3E2BA188D3007EABC0 /* TabBarController.swift */; };
		99FCAA402BA188D3007EABC0 /* TabBarController.swift in Sources */ = {isa = PBXBuildFile; fileRef = 99FCAA3E2BA188D3007EABC0 /* TabBarController.swift */; };
/* End PBXBuildFile section */

/* Begin PBXContainerItemProxy section */
		99FCAA0E2BA02E81007EABC0 /* PBXContainerItemProxy */ = {
			isa = PBXContainerItemProxy;
			containerPortal = 99FCA9EF2BA02E7F007EABC0 /* Project object */;
			proxyType = 1;
			remoteGlobalIDString = 99FCA9F62BA02E7F007EABC0;
			remoteInfo = Moovup;
		};
		99FCAA182BA02E81007EABC0 /* PBXContainerItemProxy */ = {
			isa = PBXContainerItemProxy;
			containerPortal = 99FCA9EF2BA02E7F007EABC0 /* Project object */;
			proxyType = 1;
			remoteGlobalIDString = 99FCA9F62BA02E7F007EABC0;
			remoteInfo = Moovup;
		};
/* End PBXContainerItemProxy section */

/* Begin PBXFileReference section */
		99FCA9F72BA02E7F007EABC0 /* Moovup.app */ = {isa = PBXFileReference; explicitFileType = wrapper.application; includeInIndex = 0; path = Moovup.app; sourceTree = BUILT_PRODUCTS_DIR; };
		99FCA9FA2BA02E7F007EABC0 /* AppDelegate.swift */ = {isa = PBXFileReference; lastKnownFileType = sourcecode.swift; path = AppDelegate.swift; sourceTree = "<group>"; };
		99FCA9FC2BA02E7F007EABC0 /* SceneDelegate.swift */ = {isa = PBXFileReference; lastKnownFileType = sourcecode.swift; path = SceneDelegate.swift; sourceTree = "<group>"; };
		99FCA9FE2BA02E7F007EABC0 /* ViewController.swift */ = {isa = PBXFileReference; lastKnownFileType = sourcecode.swift; path = ViewController.swift; sourceTree = "<group>"; };
		99FCAA032BA02E80007EABC0 /* Assets.xcassets */ = {isa = PBXFileReference; lastKnownFileType = folder.assetcatalog; path = Assets.xcassets; sourceTree = "<group>"; };
		99FCAA062BA02E80007EABC0 /* Base */ = {isa = PBXFileReference; lastKnownFileType = file.storyboard; name = Base; path = Base.lproj/LaunchScreen.storyboard; sourceTree = "<group>"; };
		99FCAA082BA02E80007EABC0 /* Info.plist */ = {isa = PBXFileReference; lastKnownFileType = text.plist.xml; path = Info.plist; sourceTree = "<group>"; };
		99FCAA0D2BA02E81007EABC0 /* MoovupTests.xctest */ = {isa = PBXFileReference; explicitFileType = wrapper.cfbundle; includeInIndex = 0; path = MoovupTests.xctest; sourceTree = BUILT_PRODUCTS_DIR; };
		99FCAA112BA02E81007EABC0 /* MoovupTests.swift */ = {isa = PBXFileReference; lastKnownFileType = sourcecode.swift; path = MoovupTests.swift; sourceTree = "<group>"; };
		99FCAA172BA02E81007EABC0 /* MoovupUITests.xctest */ = {isa = PBXFileReference; explicitFileType = wrapper.cfbundle; includeInIndex = 0; path = MoovupUITests.xctest; sourceTree = BUILT_PRODUCTS_DIR; };
		99FCAA1B2BA02E81007EABC0 /* MoovupUITests.swift */ = {isa = PBXFileReference; lastKnownFileType = sourcecode.swift; path = MoovupUITests.swift; sourceTree = "<group>"; };
		99FCAA1D2BA02E81007EABC0 /* MoovupUITestsLaunchTests.swift */ = {isa = PBXFileReference; lastKnownFileType = sourcecode.swift; path = MoovupUITestsLaunchTests.swift; sourceTree = "<group>"; };
		99FCAA2A2BA03020007EABC0 /* Graph.swift */ = {isa = PBXFileReference; lastKnownFileType = sourcecode.swift; path = Graph.swift; sourceTree = "<group>"; };
		99FCAA2D2BA03291007EABC0 /* GraphTests.swift */ = {isa = PBXFileReference; lastKnownFileType = sourcecode.swift; path = GraphTests.swift; sourceTree = "<group>"; };
		99FCAA322BA185AB007EABC0 /* NetworkConfig.swift */ = {isa = PBXFileReference; lastKnownFileType = sourcecode.swift; path = NetworkConfig.swift; sourceTree = "<group>"; };
		99FCAA372BA18896007EABC0 /* HomeViewController.swift */ = {isa = PBXFileReference; lastKnownFileType = sourcecode.swift; path = HomeViewController.swift; sourceTree = "<group>"; };
		99FCAA3A2BA188A4007EABC0 /* MapViewController.swift */ = {isa = PBXFileReference; lastKnownFileType = sourcecode.swift; path = MapViewController.swift; sourceTree = "<group>"; };
		99FCAA3E2BA188D3007EABC0 /* TabBarController.swift */ = {isa = PBXFileReference; lastKnownFileType = sourcecode.swift; path = TabBarController.swift; sourceTree = "<group>"; };
/* End PBXFileReference section */

/* Begin PBXFrameworksBuildPhase section */
		99FCA9F42BA02E7F007EABC0 /* Frameworks */ = {
			isa = PBXFrameworksBuildPhase;
			buildActionMask = 2147483647;
			files = (
			);
			runOnlyForDeploymentPostprocessing = 0;
		};
		99FCAA0A2BA02E81007EABC0 /* Frameworks */ = {
			isa = PBXFrameworksBuildPhase;
			buildActionMask = 2147483647;
			files = (
			);
			runOnlyForDeploymentPostprocessing = 0;
		};
		99FCAA142BA02E81007EABC0 /* Frameworks */ = {
			isa = PBXFrameworksBuildPhase;
			buildActionMask = 2147483647;
			files = (
			);
			runOnlyForDeploymentPostprocessing = 0;
		};
/* End PBXFrameworksBuildPhase section */

/* Begin PBXGroup section */
		99FCA9EE2BA02E7F007EABC0 = {
			isa = PBXGroup;
			children = (
				99FCA9F92BA02E7F007EABC0 /* Moovup */,
				99FCAA102BA02E81007EABC0 /* MoovupTests */,
				99FCAA1A2BA02E81007EABC0 /* MoovupUITests */,
				99FCA9F82BA02E7F007EABC0 /* Products */,
			);
			sourceTree = "<group>";
		};
		99FCA9F82BA02E7F007EABC0 /* Products */ = {
			isa = PBXGroup;
			children = (
				99FCA9F72BA02E7F007EABC0 /* Moovup.app */,
				99FCAA0D2BA02E81007EABC0 /* MoovupTests.xctest */,
				99FCAA172BA02E81007EABC0 /* MoovupUITests.xctest */,
			);
			name = Products;
			sourceTree = "<group>";
		};
		99FCA9F92BA02E7F007EABC0 /* Moovup */ = {
			isa = PBXGroup;
			children = (
				99FCA9FA2BA02E7F007EABC0 /* AppDelegate.swift */,
				99FCA9FC2BA02E7F007EABC0 /* SceneDelegate.swift */,
				99FCA9FE2BA02E7F007EABC0 /* ViewController.swift */,
				99FCAA2C2BA0303B007EABC0 /* Question1 */,
				99FCAA302BA18576007EABC0 /* Question2 */,
				99FCAA032BA02E80007EABC0 /* Assets.xcassets */,
				99FCAA052BA02E80007EABC0 /* LaunchScreen.storyboard */,
				99FCAA082BA02E80007EABC0 /* Info.plist */,
			);
			path = Moovup;
			sourceTree = "<group>";
		};
		99FCAA102BA02E81007EABC0 /* MoovupTests */ = {
			isa = PBXGroup;
			children = (
				99FCAA112BA02E81007EABC0 /* MoovupTests.swift */,
				99FCAA2D2BA03291007EABC0 /* GraphTests.swift */,
			);
			path = MoovupTests;
			sourceTree = "<group>";
		};
		99FCAA1A2BA02E81007EABC0 /* MoovupUITests */ = {
			isa = PBXGroup;
			children = (
				99FCAA1B2BA02E81007EABC0 /* MoovupUITests.swift */,
				99FCAA1D2BA02E81007EABC0 /* MoovupUITestsLaunchTests.swift */,
			);
			path = MoovupUITests;
			sourceTree = "<group>";
		};
		99FCAA2C2BA0303B007EABC0 /* Question1 */ = {
			isa = PBXGroup;
			children = (
				99FCAA2A2BA03020007EABC0 /* Graph.swift */,
			);
			path = Question1;
			sourceTree = "<group>";
		};
		99FCAA302BA18576007EABC0 /* Question2 */ = {
			isa = PBXGroup;
			children = (
				99FCAA312BA1859D007EABC0 /* Network */,
				99FCAA3D2BA188AC007EABC0 /* TabBar */,
				99FCAA352BA18870007EABC0 /* Home */,
				99FCAA362BA18878007EABC0 /* Map */,
			);
			path = Question2;
			sourceTree = "<group>";
		};
		99FCAA312BA1859D007EABC0 /* Network */ = {
			isa = PBXGroup;
			children = (
				99FCAA322BA185AB007EABC0 /* NetworkConfig.swift */,
			);
			path = Network;
			sourceTree = "<group>";
		};
		99FCAA352BA18870007EABC0 /* Home */ = {
			isa = PBXGroup;
			children = (
				99FCAA372BA18896007EABC0 /* HomeViewController.swift */,
			);
			path = Home;
			sourceTree = "<group>";
		};
		99FCAA362BA18878007EABC0 /* Map */ = {
			isa = PBXGroup;
			children = (
				99FCAA3A2BA188A4007EABC0 /* MapViewController.swift */,
			);
			path = Map;
			sourceTree = "<group>";
		};
		99FCAA3D2BA188AC007EABC0 /* TabBar */ = {
			isa = PBXGroup;
			children = (
				99FCAA3E2BA188D3007EABC0 /* TabBarController.swift */,
			);
			path = TabBar;
			sourceTree = "<group>";
		};
/* End PBXGroup section */

/* Begin PBXNativeTarget section */
		99FCA9F62BA02E7F007EABC0 /* Moovup */ = {
			isa = PBXNativeTarget;
			buildConfigurationList = 99FCAA212BA02E81007EABC0 /* Build configuration list for PBXNativeTarget "Moovup" */;
			buildPhases = (
				99FCA9F32BA02E7F007EABC0 /* Sources */,
				99FCA9F42BA02E7F007EABC0 /* Frameworks */,
				99FCA9F52BA02E7F007EABC0 /* Resources */,
			);
			buildRules = (
			);
			dependencies = (
			);
			name = Moovup;
			productName = Moovup;
			productReference = 99FCA9F72BA02E7F007EABC0 /* Moovup.app */;
			productType = "com.apple.product-type.application";
		};
		99FCAA0C2BA02E81007EABC0 /* MoovupTests */ = {
			isa = PBXNativeTarget;
			buildConfigurationList = 99FCAA242BA02E81007EABC0 /* Build configuration list for PBXNativeTarget "MoovupTests" */;
			buildPhases = (
				99FCAA092BA02E81007EABC0 /* Sources */,
				99FCAA0A2BA02E81007EABC0 /* Frameworks */,
				99FCAA0B2BA02E81007EABC0 /* Resources */,
			);
			buildRules = (
			);
			dependencies = (
				99FCAA0F2BA02E81007EABC0 /* PBXTargetDependency */,
			);
			name = MoovupTests;
			productName = MoovupTests;
			productReference = 99FCAA0D2BA02E81007EABC0 /* MoovupTests.xctest */;
			productType = "com.apple.product-type.bundle.unit-test";
		};
		99FCAA162BA02E81007EABC0 /* MoovupUITests */ = {
			isa = PBXNativeTarget;
			buildConfigurationList = 99FCAA272BA02E81007EABC0 /* Build configuration list for PBXNativeTarget "MoovupUITests" */;
			buildPhases = (
				99FCAA132BA02E81007EABC0 /* Sources */,
				99FCAA142BA02E81007EABC0 /* Frameworks */,
				99FCAA152BA02E81007EABC0 /* Resources */,
			);
			buildRules = (
			);
			dependencies = (
				99FCAA192BA02E81007EABC0 /* PBXTargetDependency */,
			);
			name = MoovupUITests;
			productName = MoovupUITests;
			productReference = 99FCAA172BA02E81007EABC0 /* MoovupUITests.xctest */;
			productType = "com.apple.product-type.bundle.ui-testing";
		};
/* End PBXNativeTarget section */

/* Begin PBXProject section */
		99FCA9EF2BA02E7F007EABC0 /* Project object */ = {
			isa = PBXProject;
			attributes = {
				BuildIndependentTargetsInParallel = 1;
				LastSwiftUpdateCheck = 1500;
				LastUpgradeCheck = 1500;
				TargetAttributes = {
					99FCA9F62BA02E7F007EABC0 = {
						CreatedOnToolsVersion = 15.0;
					};
					99FCAA0C2BA02E81007EABC0 = {
						CreatedOnToolsVersion = 15.0;
						TestTargetID = 99FCA9F62BA02E7F007EABC0;
					};
					99FCAA162BA02E81007EABC0 = {
						CreatedOnToolsVersion = 15.0;
						TestTargetID = 99FCA9F62BA02E7F007EABC0;
					};
				};
			};
			buildConfigurationList = 99FCA9F22BA02E7F007EABC0 /* Build configuration list for PBXProject "Moovup" */;
			compatibilityVersion = "Xcode 14.0";
			developmentRegion = en;
			hasScannedForEncodings = 0;
			knownRegions = (
				en,
				Base,
			);
			mainGroup = 99FCA9EE2BA02E7F007EABC0;
			productRefGroup = 99FCA9F82BA02E7F007EABC0 /* Products */;
			projectDirPath = "";
			projectRoot = "";
			targets = (
				99FCA9F62BA02E7F007EABC0 /* Moovup */,
				99FCAA0C2BA02E81007EABC0 /* MoovupTests */,
				99FCAA162BA02E81007EABC0 /* MoovupUITests */,
			);
		};
/* End PBXProject section */

/* Begin PBXResourcesBuildPhase section */
		99FCA9F52BA02E7F007EABC0 /* Resources */ = {
			isa = PBXResourcesBuildPhase;
			buildActionMask = 2147483647;
			files = (
				99FCAA072BA02E80007EABC0 /* LaunchScreen.storyboard in Resources */,
				99FCAA042BA02E80007EABC0 /* Assets.xcassets in Resources */,
			);
			runOnlyForDeploymentPostprocessing = 0;
		};
		99FCAA0B2BA02E81007EABC0 /* Resources */ = {
			isa = PBXResourcesBuildPhase;
			buildActionMask = 2147483647;
			files = (
			);
			runOnlyForDeploymentPostprocessing = 0;
		};
		99FCAA152BA02E81007EABC0 /* Resources */ = {
			isa = PBXResourcesBuildPhase;
			buildActionMask = 2147483647;
			files = (
			);
			runOnlyForDeploymentPostprocessing = 0;
		};
/* End PBXResourcesBuildPhase section */

/* Begin PBXSourcesBuildPhase section */
		99FCA9F32BA02E7F007EABC0 /* Sources */ = {
			isa = PBXSourcesBuildPhase;
			buildActionMask = 2147483647;
			files = (
				99FCAA2B2BA03020007EABC0 /* Graph.swift in Sources */,
				99FCAA3F2BA188D3007EABC0 /* TabBarController.swift in Sources */,
				99FCAA332BA185AB007EABC0 /* NetworkConfig.swift in Sources */,
				99FCA9FF2BA02E7F007EABC0 /* ViewController.swift in Sources */,
				99FCA9FB2BA02E7F007EABC0 /* AppDelegate.swift in Sources */,
				99FCA9FD2BA02E7F007EABC0 /* SceneDelegate.swift in Sources */,
				99FCAA382BA18896007EABC0 /* HomeViewController.swift in Sources */,
				99FCAA3B2BA188A4007EABC0 /* MapViewController.swift in Sources */,
			);
			runOnlyForDeploymentPostprocessing = 0;
		};
		99FCAA092BA02E81007EABC0 /* Sources */ = {
			isa = PBXSourcesBuildPhase;
			buildActionMask = 2147483647;
			files = (
				99FCAA2F2BA03291007EABC0 /* GraphTests.swift in Sources */,
				99FCAA122BA02E81007EABC0 /* MoovupTests.swift in Sources */,
				99FCAA342BA185AB007EABC0 /* NetworkConfig.swift in Sources */,
				99FCAA402BA188D3007EABC0 /* TabBarController.swift in Sources */,
				99FCAA3C2BA188A4007EABC0 /* MapViewController.swift in Sources */,
				99FCAA392BA18896007EABC0 /* HomeViewController.swift in Sources */,
			);
			runOnlyForDeploymentPostprocessing = 0;
		};
		99FCAA132BA02E81007EABC0 /* Sources */ = {
			isa = PBXSourcesBuildPhase;
			buildActionMask = 2147483647;
			files = (
				99FCAA1E2BA02E81007EABC0 /* MoovupUITestsLaunchTests.swift in Sources */,
				99FCAA1C2BA02E81007EABC0 /* MoovupUITests.swift in Sources */,
			);
			runOnlyForDeploymentPostprocessing = 0;
		};
/* End PBXSourcesBuildPhase section */

/* Begin PBXTargetDependency section */
		99FCAA0F2BA02E81007EABC0 /* PBXTargetDependency */ = {
			isa = PBXTargetDependency;
			target = 99FCA9F62BA02E7F007EABC0 /* Moovup */;
			targetProxy = 99FCAA0E2BA02E81007EABC0 /* PBXContainerItemProxy */;
		};
		99FCAA192BA02E81007EABC0 /* PBXTargetDependency */ = {
			isa = PBXTargetDependency;
			target = 99FCA9F62BA02E7F007EABC0 /* Moovup */;
			targetProxy = 99FCAA182BA02E81007EABC0 /* PBXContainerItemProxy */;
		};
/* End PBXTargetDependency section */

/* Begin PBXVariantGroup section */
		99FCAA052BA02E80007EABC0 /* LaunchScreen.storyboard */ = {
			isa = PBXVariantGroup;
			children = (
				99FCAA062BA02E80007EABC0 /* Base */,
			);
			name = LaunchScreen.storyboard;
			sourceTree = "<group>";
		};
/* End PBXVariantGroup section */

/* Begin XCBuildConfiguration section */
		99FCAA1F2BA02E81007EABC0 /* Debug */ = {
			isa = XCBuildConfiguration;
			buildSettings = {
				ALWAYS_SEARCH_USER_PATHS = NO;
				ASSETCATALOG_COMPILER_GENERATE_SWIFT_ASSET_SYMBOL_EXTENSIONS = YES;
				CLANG_ANALYZER_NONNULL = YES;
				CLANG_ANALYZER_NUMBER_OBJECT_CONVERSION = YES_AGGRESSIVE;
				CLANG_CXX_LANGUAGE_STANDARD = "gnu++20";
				CLANG_ENABLE_MODULES = YES;
				CLANG_ENABLE_OBJC_ARC = YES;
				CLANG_ENABLE_OBJC_WEAK = YES;
				CLANG_WARN_BLOCK_CAPTURE_AUTORELEASING = YES;
				CLANG_WARN_BOOL_CONVERSION = YES;
				CLANG_WARN_COMMA = YES;
				CLANG_WARN_CONSTANT_CONVERSION = YES;
				CLANG_WARN_DEPRECATED_OBJC_IMPLEMENTATIONS = YES;
				CLANG_WARN_DIRECT_OBJC_ISA_USAGE = YES_ERROR;
				CLANG_WARN_DOCUMENTATION_COMMENTS = YES;
				CLANG_WARN_EMPTY_BODY = YES;
				CLANG_WARN_ENUM_CONVERSION = YES;
				CLANG_WARN_INFINITE_RECURSION = YES;
				CLANG_WARN_INT_CONVERSION = YES;
				CLANG_WARN_NON_LITERAL_NULL_CONVERSION = YES;
				CLANG_WARN_OBJC_IMPLICIT_RETAIN_SELF = YES;
				CLANG_WARN_OBJC_LITERAL_CONVERSION = YES;
				CLANG_WARN_OBJC_ROOT_CLASS = YES_ERROR;
				CLANG_WARN_QUOTED_INCLUDE_IN_FRAMEWORK_HEADER = YES;
				CLANG_WARN_RANGE_LOOP_ANALYSIS = YES;
				CLANG_WARN_STRICT_PROTOTYPES = YES;
				CLANG_WARN_SUSPICIOUS_MOVE = YES;
				CLANG_WARN_UNGUARDED_AVAILABILITY = YES_AGGRESSIVE;
				CLANG_WARN_UNREACHABLE_CODE = YES;
				CLANG_WARN__DUPLICATE_METHOD_MATCH = YES;
				COPY_PHASE_STRIP = NO;
				DEBUG_INFORMATION_FORMAT = dwarf;
				ENABLE_STRICT_OBJC_MSGSEND = YES;
				ENABLE_TESTABILITY = YES;
				ENABLE_USER_SCRIPT_SANDBOXING = YES;
				GCC_C_LANGUAGE_STANDARD = gnu17;
				GCC_DYNAMIC_NO_PIC = NO;
				GCC_NO_COMMON_BLOCKS = YES;
				GCC_OPTIMIZATION_LEVEL = 0;
				GCC_PREPROCESSOR_DEFINITIONS = (
					"DEBUG=1",
					"$(inherited)",
				);
				GCC_WARN_64_TO_32_BIT_CONVERSION = YES;
				GCC_WARN_ABOUT_RETURN_TYPE = YES_ERROR;
				GCC_WARN_UNDECLARED_SELECTOR = YES;
				GCC_WARN_UNINITIALIZED_AUTOS = YES_AGGRESSIVE;
				GCC_WARN_UNUSED_FUNCTION = YES;
				GCC_WARN_UNUSED_VARIABLE = YES;
				IPHONEOS_DEPLOYMENT_TARGET = 17.0;
				LOCALIZATION_PREFERS_STRING_CATALOGS = YES;
				MTL_ENABLE_DEBUG_INFO = INCLUDE_SOURCE;
				MTL_FAST_MATH = YES;
				ONLY_ACTIVE_ARCH = YES;
				SDKROOT = iphoneos;
				SWIFT_ACTIVE_COMPILATION_CONDITIONS = "DEBUG $(inherited)";
				SWIFT_OPTIMIZATION_LEVEL = "-Onone";
			};
			name = Debug;
		};
		99FCAA202BA02E81007EABC0 /* Release */ = {
			isa = XCBuildConfiguration;
			buildSettings = {
				ALWAYS_SEARCH_USER_PATHS = NO;
				ASSETCATALOG_COMPILER_GENERATE_SWIFT_ASSET_SYMBOL_EXTENSIONS = YES;
				CLANG_ANALYZER_NONNULL = YES;
				CLANG_ANALYZER_NUMBER_OBJECT_CONVERSION = YES_AGGRESSIVE;
				CLANG_CXX_LANGUAGE_STANDARD = "gnu++20";
				CLANG_ENABLE_MODULES = YES;
				CLANG_ENABLE_OBJC_ARC = YES;
				CLANG_ENABLE_OBJC_WEAK = YES;
				CLANG_WARN_BLOCK_CAPTURE_AUTORELEASING = YES;
				CLANG_WARN_BOOL_CONVERSION = YES;
				CLANG_WARN_COMMA = YES;
				CLANG_WARN_CONSTANT_CONVERSION = YES;
				CLANG_WARN_DEPRECATED_OBJC_IMPLEMENTATIONS = YES;
				CLANG_WARN_DIRECT_OBJC_ISA_USAGE = YES_ERROR;
				CLANG_WARN_DOCUMENTATION_COMMENTS = YES;
				CLANG_WARN_EMPTY_BODY = YES;
				CLANG_WARN_ENUM_CONVERSION = YES;
				CLANG_WARN_INFINITE_RECURSION = YES;
				CLANG_WARN_INT_CONVERSION = YES;
				CLANG_WARN_NON_LITERAL_NULL_CONVERSION = YES;
				CLANG_WARN_OBJC_IMPLICIT_RETAIN_SELF = YES;
				CLANG_WARN_OBJC_LITERAL_CONVERSION = YES;
				CLANG_WARN_OBJC_ROOT_CLASS = YES_ERROR;
				CLANG_WARN_QUOTED_INCLUDE_IN_FRAMEWORK_HEADER = YES;
				CLANG_WARN_RANGE_LOOP_ANALYSIS = YES;
				CLANG_WARN_STRICT_PROTOTYPES = YES;
				CLANG_WARN_SUSPICIOUS_MOVE = YES;
				CLANG_WARN_UNGUARDED_AVAILABILITY = YES_AGGRESSIVE;
				CLANG_WARN_UNREACHABLE_CODE = YES;
				CLANG_WARN__DUPLICATE_METHOD_MATCH = YES;
				COPY_PHASE_STRIP = NO;
				DEBUG_INFORMATION_FORMAT = "dwarf-with-dsym";
				ENABLE_NS_ASSERTIONS = NO;
				ENABLE_STRICT_OBJC_MSGSEND = YES;
				ENABLE_USER_SCRIPT_SANDBOXING = YES;
				GCC_C_LANGUAGE_STANDARD = gnu17;
				GCC_NO_COMMON_BLOCKS = YES;
				GCC_WARN_64_TO_32_BIT_CONVERSION = YES;
				GCC_WARN_ABOUT_RETURN_TYPE = YES_ERROR;
				GCC_WARN_UNDECLARED_SELECTOR = YES;
				GCC_WARN_UNINITIALIZED_AUTOS = YES_AGGRESSIVE;
				GCC_WARN_UNUSED_FUNCTION = YES;
				GCC_WARN_UNUSED_VARIABLE = YES;
				IPHONEOS_DEPLOYMENT_TARGET = 17.0;
				LOCALIZATION_PREFERS_STRING_CATALOGS = YES;
				MTL_ENABLE_DEBUG_INFO = NO;
				MTL_FAST_MATH = YES;
				SDKROOT = iphoneos;
				SWIFT_COMPILATION_MODE = wholemodule;
				VALIDATE_PRODUCT = YES;
			};
			name = Release;
		};
		99FCAA222BA02E81007EABC0 /* Debug */ = {
			isa = XCBuildConfiguration;
			buildSettings = {
				ASSETCATALOG_COMPILER_APPICON_NAME = AppIcon;
				ASSETCATALOG_COMPILER_GLOBAL_ACCENT_COLOR_NAME = AccentColor;
				CODE_SIGN_IDENTITY = "Apple Development";
				CODE_SIGN_STYLE = Automatic;
				CURRENT_PROJECT_VERSION = 1;
				DEVELOPMENT_TEAM = 684UHAZS2T;
				GENERATE_INFOPLIST_FILE = YES;
				INFOPLIST_FILE = Moovup/Info.plist;
				INFOPLIST_KEY_UIApplicationSupportsIndirectInputEvents = YES;
				INFOPLIST_KEY_UILaunchStoryboardName = LaunchScreen;
				INFOPLIST_KEY_UIMainStoryboardFile = Main;
				INFOPLIST_KEY_UISupportedInterfaceOrientations = "UIInterfaceOrientationLandscapeLeft UIInterfaceOrientationLandscapeRight UIInterfaceOrientationPortrait";
				INFOPLIST_KEY_UISupportedInterfaceOrientations_iPad = "UIInterfaceOrientationPortrait UIInterfaceOrientationPortraitUpsideDown";
				LD_RUNPATH_SEARCH_PATHS = (
					"$(inherited)",
					"@executable_path/Frameworks",
				);
				MARKETING_VERSION = 1.0;
				PRODUCT_BUNDLE_IDENTIFIER = com.ding.codetest.Moovup;
				PRODUCT_NAME = "$(TARGET_NAME)";
				PROVISIONING_PROFILE_SPECIFIER = "";
				SWIFT_EMIT_LOC_STRINGS = YES;
				SWIFT_VERSION = 5.0;
				TARGETED_DEVICE_FAMILY = "1,2";
			};
			name = Debug;
		};
		99FCAA232BA02E81007EABC0 /* Release */ = {
			isa = XCBuildConfiguration;
			buildSettings = {
				ASSETCATALOG_COMPILER_APPICON_NAME = AppIcon;
				ASSETCATALOG_COMPILER_GLOBAL_ACCENT_COLOR_NAME = AccentColor;
				CODE_SIGN_IDENTITY = "Apple Development";
				CODE_SIGN_STYLE = Automatic;
				CURRENT_PROJECT_VERSION = 1;
				DEVELOPMENT_TEAM = 684UHAZS2T;
				GENERATE_INFOPLIST_FILE = YES;
				INFOPLIST_FILE = Moovup/Info.plist;
				INFOPLIST_KEY_UIApplicationSupportsIndirectInputEvents = YES;
				INFOPLIST_KEY_UILaunchStoryboardName = LaunchScreen;
				INFOPLIST_KEY_UIMainStoryboardFile = Main;
				INFOPLIST_KEY_UISupportedInterfaceOrientations = "UIInterfaceOrientationLandscapeLeft UIInterfaceOrientationLandscapeRight UIInterfaceOrientationPortrait";
				INFOPLIST_KEY_UISupportedInterfaceOrientations_iPad = "UIInterfaceOrientationPortrait UIInterfaceOrientationPortraitUpsideDown";
				LD_RUNPATH_SEARCH_PATHS = (
					"$(inherited)",
					"@executable_path/Frameworks",
				);
				MARKETING_VERSION = 1.0;
				PRODUCT_BUNDLE_IDENTIFIER = com.ding.codetest.Moovup;
				PRODUCT_NAME = "$(TARGET_NAME)";
				PROVISIONING_PROFILE_SPECIFIER = "";
				SWIFT_EMIT_LOC_STRINGS = YES;
				SWIFT_VERSION = 5.0;
				TARGETED_DEVICE_FAMILY = "1,2";
			};
			name = Release;
		};
		99FCAA252BA02E81007EABC0 /* Debug */ = {
			isa = XCBuildConfiguration;
			buildSettings = {
				ALWAYS_EMBED_SWIFT_STANDARD_LIBRARIES = YES;
				BUNDLE_LOADER = "$(TEST_HOST)";
				CODE_SIGN_STYLE = Automatic;
				CURRENT_PROJECT_VERSION = 1;
				DEVELOPMENT_TEAM = 684UHAZS2T;
				GENERATE_INFOPLIST_FILE = YES;
				IPHONEOS_DEPLOYMENT_TARGET = 17.0;
				MARKETING_VERSION = 1.0;
				PRODUCT_BUNDLE_IDENTIFIER = com.ding.codetest.MoovupTests;
				PRODUCT_NAME = "$(TARGET_NAME)";
				SWIFT_EMIT_LOC_STRINGS = NO;
				SWIFT_VERSION = 5.0;
				TARGETED_DEVICE_FAMILY = "1,2";
				TEST_HOST = "$(BUILT_PRODUCTS_DIR)/Moovup.app/$(BUNDLE_EXECUTABLE_FOLDER_PATH)/Moovup";
			};
			name = Debug;
		};
		99FCAA262BA02E81007EABC0 /* Release */ = {
			isa = XCBuildConfiguration;
			buildSettings = {
				ALWAYS_EMBED_SWIFT_STANDARD_LIBRARIES = YES;
				BUNDLE_LOADER = "$(TEST_HOST)";
				CODE_SIGN_STYLE = Automatic;
				CURRENT_PROJECT_VERSION = 1;
				DEVELOPMENT_TEAM = 684UHAZS2T;
				GENERATE_INFOPLIST_FILE = YES;
				IPHONEOS_DEPLOYMENT_TARGET = 17.0;
				MARKETING_VERSION = 1.0;
				PRODUCT_BUNDLE_IDENTIFIER = com.ding.codetest.MoovupTests;
				PRODUCT_NAME = "$(TARGET_NAME)";
				SWIFT_EMIT_LOC_STRINGS = NO;
				SWIFT_VERSION = 5.0;
				TARGETED_DEVICE_FAMILY = "1,2";
				TEST_HOST = "$(BUILT_PRODUCTS_DIR)/Moovup.app/$(BUNDLE_EXECUTABLE_FOLDER_PATH)/Moovup";
			};
			name = Release;
		};
		99FCAA282BA02E81007EABC0 /* Debug */ = {
			isa = XCBuildConfiguration;
			buildSettings = {
				ALWAYS_EMBED_SWIFT_STANDARD_LIBRARIES = YES;
				CODE_SIGN_STYLE = Automatic;
				CURRENT_PROJECT_VERSION = 1;
				DEVELOPMENT_TEAM = 684UHAZS2T;
				GENERATE_INFOPLIST_FILE = YES;
				MARKETING_VERSION = 1.0;
				PRODUCT_BUNDLE_IDENTIFIER = com.ding.codetest.MoovupUITests;
				PRODUCT_NAME = "$(TARGET_NAME)";
				SWIFT_EMIT_LOC_STRINGS = NO;
				SWIFT_VERSION = 5.0;
				TARGETED_DEVICE_FAMILY = "1,2";
				TEST_TARGET_NAME = Moovup;
			};
			name = Debug;
		};
		99FCAA292BA02E81007EABC0 /* Release */ = {
			isa = XCBuildConfiguration;
			buildSettings = {
				ALWAYS_EMBED_SWIFT_STANDARD_LIBRARIES = YES;
				CODE_SIGN_STYLE = Automatic;
				CURRENT_PROJECT_VERSION = 1;
				DEVELOPMENT_TEAM = 684UHAZS2T;
				GENERATE_INFOPLIST_FILE = YES;
				MARKETING_VERSION = 1.0;
				PRODUCT_BUNDLE_IDENTIFIER = com.ding.codetest.MoovupUITests;
				PRODUCT_NAME = "$(TARGET_NAME)";
				SWIFT_EMIT_LOC_STRINGS = NO;
				SWIFT_VERSION = 5.0;
				TARGETED_DEVICE_FAMILY = "1,2";
				TEST_TARGET_NAME = Moovup;
			};
			name = Release;
		};
/* End XCBuildConfiguration section */

/* Begin XCConfigurationList section */
		99FCA9F22BA02E7F007EABC0 /* Build configuration list for PBXProject "Moovup" */ = {
			isa = XCConfigurationList;
			buildConfigurations = (
				99FCAA1F2BA02E81007EABC0 /* Debug */,
				99FCAA202BA02E81007EABC0 /* Release */,
			);
			defaultConfigurationIsVisible = 0;
			defaultConfigurationName = Release;
		};
		99FCAA212BA02E81007EABC0 /* Build configuration list for PBXNativeTarget "Moovup" */ = {
			isa = XCConfigurationList;
			buildConfigurations = (
				99FCAA222BA02E81007EABC0 /* Debug */,
				99FCAA232BA02E81007EABC0 /* Release */,
			);
			defaultConfigurationIsVisible = 0;
			defaultConfigurationName = Release;
		};
		99FCAA242BA02E81007EABC0 /* Build configuration list for PBXNativeTarget "MoovupTests" */ = {
			isa = XCConfigurationList;
			buildConfigurations = (
				99FCAA252BA02E81007EABC0 /* Debug */,
				99FCAA262BA02E81007EABC0 /* Release */,
			);
			defaultConfigurationIsVisible = 0;
			defaultConfigurationName = Release;
		};
		99FCAA272BA02E81007EABC0 /* Build configuration list for PBXNativeTarget "MoovupUITests" */ = {
			isa = XCConfigurationList;
			buildConfigurations = (
				99FCAA282BA02E81007EABC0 /* Debug */,
				99FCAA292BA02E81007EABC0 /* Release */,
			);
			defaultConfigurationIsVisible = 0;
			defaultConfigurationName = Release;
		};
/* End XCConfigurationList section */
	};
	rootObject = 99FCA9EF2BA02E7F007EABC0 /* Project object */;
}
